
Microsoft Visual Studio Solution File, Format Version 12.00
# Visual Studio Version 17
VisualStudioVersion = 17.1.32210.238
MinimumVisualStudioVersion = 10.0.40219.1
Project("{FAE04EC0-301F-11D3-BF4B-00C04F79EFBC}") = "sheift", "sheift\sheift.csproj", "{285B4273-26D3-4A8C-B585-122DE7832BF7}"
EndProject
Global
	GlobalSection(SolutionConfigurationPlatforms) = preSolution
		Debug|Any CPU = Debug|Any CPU
		Release|Any CPU = Release|Any CPU
	EndGlobalSection
	GlobalSection(ProjectConfigurationPlatforms) = postSolution
		{285B4273-26D3-4A8C-B585-122DE7832BF7}.Debug|Any CPU.ActiveCfg = Debug|Any CPU
		{285B4273-26D3-4A8C-B585-122DE7832BF7}.Debug|Any CPU.Build.0 = Debug|Any CPU
		{285B4273-26D3-4A8C-B585-122DE7832BF7}.Release|Any CPU.ActiveCfg = Release|Any CPU
		{285B4273-26D3-4A8C-B585-122DE7832BF7}.Release|Any CPU.Build.0 = Release|Any CPU
	EndGlobalSection
	GlobalSection(SolutionProperties) = preSolution
		HideSolutionNode = FALSE
	EndGlobalSection
	GlobalSection(ExtensibilityGlobals) = postSolution
		SolutionGuid = {17776924-E12E-4AD0-B5F9-F3B0E9EC5290}
	EndGlobalSection
EndGlobal
